<?xml version="1.0" encoding="utf-8"?>
<Project ToolsVersion="4.0" xmlns="http://schemas.microsoft.com/developer/msbuild/2003">
  <ItemGroup>
    <Filter Include="Source Files">
      <UniqueIdentifier>{4FC737F1-C7A5-4376-A066-2A32D752A2FF}</UniqueIdentifier>
      <Extensions>cpp;c;cc;cxx;c++;cppm;ixx;def;odl;idl;hpj;bat;asm;asmx</Extensions>
    </Filter>
    <Filter Include="Header Files">
      <UniqueIdentifier>{93995380-89BD-4b04-88EB-625FBE52EBFB}</UniqueIdentifier>
      <Extensions>h;hh;hpp;hxx;h++;hm;inl;inc;ipp;xsd</Extensions>
    </Filter>
    <Filter Include="Resource Files">
      <UniqueIdentifier>{67DA6AB6-F800-4c08-8B7A-83BB121AAD01}</UniqueIdentifier>
      <Extensions>rc;ico;cur;bmp;dlg;rc2;rct;bin;rgs;gif;jpg;jpeg;jpe;resx;tiff;tif;png;wav;mfcribbon-ms</Extensions>
    </Filter>
  </ItemGroup>
  <ItemGroup>
    <ClCompile Include="Main.cpp">
      <Filter>Source Files</Filter>
    </ClCompile>
    <ClCompile Include="Net\Ethernet.cpp">
      <Filter>Source Files</Filter>
    </ClCompile>
    <ClCompile Include="Net\SerialNet.cpp">
      <Filter>Source Files</Filter>
    </ClCompile>
    <ClCompile Include="Net\IPv4.cpp">
      <Filter>Source Files</Filter>
    </ClCompile>
    <ClCompile Include="Net\Icmp.cpp">
      <Filter>Source Files</Filter>
    </ClCompile>
    <ClCompile Include="Net\Udp.cpp">
      <Filter>Source Files</Filter>
    </ClCompile>
    <ClCompile Include="Test_SerialNet.cpp">
      <Filter>Source Files</Filter>
    </ClCompile>
    <ClCompile Include="Test_IPv4.cpp">
      <Filter>Source Files</Filter>
    </ClCompile>
    <ClCompile Include="Net\UartMac.cpp">
      <Filter>Source Files</Filter>
    </ClCompile>
    <ClCompile Include="Net\Socket.cpp">
      <Filter>Source Files</Filter>
    </ClCompile>
    <ClCompile Include="Test_Net.cpp">
      <Filter>Source Files</Filter>
    </ClCompile>
    <ClCompile Include="Blade.cpp">
      <Filter>Source Files</Filter>
    </ClCompile>
    <ClCompile Include="Core\Memory.cpp">
      <Filter>Source Files</Filter>
    </ClCompile>
    <ClCompile Include="Net\Router.cpp">
      <Filter>Source Files</Filter>
    </ClCompile>
    <ClCompile Include="Net\Net.cpp">
      <Filter>Source Files</Filter>
    </ClCompile>
    <ClCompile Include="Net\DhcpClient.cpp">
      <Filter>Source Files</Filter>
    </ClCompile>
    <ClCompile Include="Net\Dhcp.cpp">
      <Filter>Source Files</Filter>
    </ClCompile>
  </ItemGroup>
  <ItemGroup>
    <ClInclude Include="Net\Net.h">
      <Filter>Header Files</Filter>
    </ClInclude>
    <ClInclude Include="Net\NetTypes.h">
      <Filter>Header Files</Filter>
    </ClInclude>
    <ClInclude Include="Net\Socket.h">
      <Filter>Header Files</Filter>
    </ClInclude>
    <ClInclude Include="Net\Packet.h">
      <Filter>Header Files</Filter>
    </ClInclude>
    <ClInclude Include="Net\UartMac.h">
      <Filter>Header Files</Filter>
    </ClInclude>
    <ClInclude Include="Test\FakeDma.h">
      <Filter>Header Files</Filter>
    </ClInclude>
    <ClInclude Include="Core\CircularBuffer.h">
      <Filter>Header Files</Filter>
    </ClInclude>
    <ClInclude Include="Net\Ethernet.h">
      <Filter>Header Files</Filter>
    </ClInclude>
    <ClInclude Include="Net\SerialNet.h">
      <Filter>Header Files</Filter>
    </ClInclude>
    <ClInclude Include="Net\IPv4.h">
      <Filter>Header Files</Filter>
    </ClInclude>
    <ClInclude Include="Net\Udp.h">
      <Filter>Header Files</Filter>
    </ClInclude>
    <ClInclude Include="Net\Icmp.h">
      <Filter>Header Files</Filter>
    </ClInclude>
    <ClInclude Include="Test\Tests.h">
      <Filter>Header Files</Filter>
    </ClInclude>
    <ClInclude Include="Blade.h">
      <Filter>Header Files</Filter>
    </ClInclude>
    <ClInclude Include="Board.h">
      <Filter>Header Files</Filter>
    </ClInclude>
    <ClInclude Include="Core\Memory.h">
      <Filter>Header Files</Filter>
    </ClInclude>
    <ClInclude Include="Test\NullMac.h">
      <Filter>Header Files</Filter>
    </ClInclude>
    <ClInclude Include="Net\Router.h">
      <Filter>Header Files</Filter>
    </ClInclude>
    <ClInclude Include="Net\NetIf.h">
      <Filter>Header Files</Filter>
    </ClInclude>
    <ClInclude Include="Net\DhcpClient.h">
      <Filter>Header Files</Filter>
    </ClInclude>
    <ClInclude Include="Net\Dhcp.h">
      <Filter>Header Files</Filter>
    </ClInclude>
    <ClInclude Include="Core\Deserializer.h">
      <Filter>Header Files</Filter>
    </ClInclude>
    <ClInclude Include="Core\Serializer.h">
      <Filter>Header Files</Filter>
    </ClInclude>
    <ClInclude Include="Core\array_util.h">
      <Filter>Header Files</Filter>
    </ClInclude>
  </ItemGroup>
</Project>